
Microsoft Visual Studio Solution File, Format Version 12.00
# Visual Studio Version 17
VisualStudioVersion = 17.8.34309.116
MinimumVisualStudioVersion = 10.0.40219.1
Project("{FAE04EC0-301F-11D3-BF4B-00C04F79EFBC}") = "DVLD", "DVLD.csproj", "{FE067464-8C83-4FA8-95E5-0D0A66C6966F}"
EndProject
Project("{FAE04EC0-301F-11D3-BF4B-00C04F79EFBC}") = "DVLD_Business_Layer", "..\DVLD_Business_Layer\DVLD_Business_Layer.csproj", "{1A400561-5BF9-4225-8ABA-D76A26511D71}"
EndProject
Project("{FAE04EC0-301F-11D3-BF4B-00C04F79EFBC}") = "DVLD_DataAccess_Layer", "..\DVLD_DataAccess_Layer\DVLD_DataAccess_Layer.csproj", "{CE5A37F4-D36F-4C75-AFFF-062C4117EDE6}"
EndProject
Project("{2150E333-8FDC-42A3-9474-1A3956D46DE8}") = "Solution Items", "Solution Items", "{61FC1843-0F25-479D-B689-68B09FDAA5A5}"
	ProjectSection(SolutionItems) = preProject
		.gitignore = .gitignore
	EndProjectSection
EndProject
Global
	GlobalSection(SolutionConfigurationPlatforms) = preSolution
		Debug|Any CPU = Debug|Any CPU
		Release|Any CPU = Release|Any CPU
	EndGlobalSection
	GlobalSection(ProjectConfigurationPlatforms) = postSolution
		{FE067464-8C83-4FA8-95E5-0D0A66C6966F}.Debug|Any CPU.ActiveCfg = Debug|Any CPU
		{FE067464-8C83-4FA8-95E5-0D0A66C6966F}.Debug|Any CPU.Build.0 = Debug|Any CPU
		{FE067464-8C83-4FA8-95E5-0D0A66C6966F}.Release|Any CPU.ActiveCfg = Release|Any CPU
		{FE067464-8C83-4FA8-95E5-0D0A66C6966F}.Release|Any CPU.Build.0 = Release|Any CPU
		{1A400561-5BF9-4225-8ABA-D76A26511D71}.Debug|Any CPU.ActiveCfg = Debug|Any CPU
		{1A400561-5BF9-4225-8ABA-D76A26511D71}.Debug|Any CPU.Build.0 = Debug|Any CPU
		{1A400561-5BF9-4225-8ABA-D76A26511D71}.Release|Any CPU.ActiveCfg = Release|Any CPU
		{1A400561-5BF9-4225-8ABA-D76A26511D71}.Release|Any CPU.Build.0 = Release|Any CPU
		{CE5A37F4-D36F-4C75-AFFF-062C4117EDE6}.Debug|Any CPU.ActiveCfg = Debug|Any CPU
		{CE5A37F4-D36F-4C75-AFFF-062C4117EDE6}.Debug|Any CPU.Build.0 = Debug|Any CPU
		{CE5A37F4-D36F-4C75-AFFF-062C4117EDE6}.Release|Any CPU.ActiveCfg = Release|Any CPU
		{CE5A37F4-D36F-4C75-AFFF-062C4117EDE6}.Release|Any CPU.Build.0 = Release|Any CPU
	EndGlobalSection
	GlobalSection(SolutionProperties) = preSolution
		HideSolutionNode = FALSE
	EndGlobalSection
	GlobalSection(ExtensibilityGlobals) = postSolution
		SolutionGuid = {DB20958C-4935-4840-BC30-AD253386DBC5}
	EndGlobalSection
EndGlobal
